
Microsoft Visual Studio Solution File, Format Version 12.00
# Visual Studio Version 17
VisualStudioVersion = 17.13.35806.99 d17.13
MinimumVisualStudioVersion = 10.0.40219.1
Project("{FAE04EC0-301F-11D3-BF4B-00C04F79EFBC}") = "Loja", "Loja.csproj", "{0B46B735-108C-4BFE-9345-10A2A8DE0CFC}"
EndProject
Global
	GlobalSection(SolutionConfigurationPlatforms) = preSolution
		Debug|Any CPU = Debug|Any CPU
		Release|Any CPU = Release|Any CPU
	EndGlobalSection
	GlobalSection(ProjectConfigurationPlatforms) = postSolution
		{0B46B735-108C-4BFE-9345-10A2A8DE0CFC}.Debug|Any CPU.ActiveCfg = Debug|Any CPU
		{0B46B735-108C-4BFE-9345-10A2A8DE0CFC}.Debug|Any CPU.Build.0 = Debug|Any CPU
		{0B46B735-108C-4BFE-9345-10A2A8DE0CFC}.Release|Any CPU.ActiveCfg = Release|Any CPU
		{0B46B735-108C-4BFE-9345-10A2A8DE0CFC}.Release|Any CPU.Build.0 = Release|Any CPU
	EndGlobalSection
	GlobalSection(SolutionProperties) = preSolution
		HideSolutionNode = FALSE
	EndGlobalSection
	GlobalSection(ExtensibilityGlobals) = postSolution
		SolutionGuid = {A23EF4E6-73E2-4C05-BD46-7E53A334CA1F}
	EndGlobalSection
EndGlobal
